
Microsoft Visual Studio Solution File, Format Version 12.00
# Visual Studio 2013
VisualStudioVersion = 12.0.40629.0
MinimumVisualStudioVersion = 10.0.40219.1
Project("{2150E333-8FDC-42A3-9474-1A3956D46DE8}") = "sys", "sys", "{52449910-180D-4B60-9135-178C12B283B1}"
EndProject
Project("{2150E333-8FDC-42A3-9474-1A3956D46DE8}") = "exe", "exe", "{8FEFCE3C-A7CE-40D0-9CB6-4E4A3D506849}"
EndProject
Project("{8BC9CEB8-8B4A-11D0-8D11-00A0C91BC942}") = "adfcon", "exe\adfcon\adfcon.vcxproj", "{05849DC2-6170-4493-A520-35E54135BF9B}"
EndProject
Project("{FAE04EC0-301F-11D3-BF4B-00C04F79EFBC}") = "adfilter", "exe\adfilter\adfilter.csproj", "{E41DC42B-3D4C-40A7-9E6C-285939C88A04}"
EndProject
Project("{8BC9CEB8-8B4A-11D0-8D11-00A0C91BC942}") = "tdi_fw", "sys\tdi_fw\tdi_fw.vcxproj", "{E41842B6-3E8B-476C-AA59-BBC98BCFA547}"
EndProject
Project("{8BC9CEB8-8B4A-11D0-8D11-00A0C91BC942}") = "adfilter", "sys\adfilter\adfilter.vcxproj", "{5671BBFE-6F3E-455E-B3F0-A993DDA2856A}"
EndProject
Project("{2150E333-8FDC-42A3-9474-1A3956D46DE8}") = "installer", "installer", "{362CDAE6-FAE3-4C54-A840-5808136FEE9E}"
	ProjectSection(SolutionItems) = preProject
		installer\adfilter.nsi = installer\adfilter.nsi
	EndProjectSection
EndProject
Global
	GlobalSection(SolutionConfigurationPlatforms) = preSolution
		Debug(dll)|Any CPU = Debug(dll)|Any CPU
		Debug(dll)|Mixed Platforms = Debug(dll)|Mixed Platforms
		Debug(dll)|Win32 = Debug(dll)|Win32
		Debug(dll)|x64 = Debug(dll)|x64
		Debug|Any CPU = Debug|Any CPU
		Debug|Mixed Platforms = Debug|Mixed Platforms
		Debug|Win32 = Debug|Win32
		Debug|x64 = Debug|x64
		Release|Any CPU = Release|Any CPU
		Release|Mixed Platforms = Release|Mixed Platforms
		Release|Win32 = Release|Win32
		Release|x64 = Release|x64
		Win7 Debug|Any CPU = Win7 Debug|Any CPU
		Win7 Debug|Mixed Platforms = Win7 Debug|Mixed Platforms
		Win7 Debug|Win32 = Win7 Debug|Win32
		Win7 Debug|x64 = Win7 Debug|x64
		Win7 Release|Any CPU = Win7 Release|Any CPU
		Win7 Release|Mixed Platforms = Win7 Release|Mixed Platforms
		Win7 Release|Win32 = Win7 Release|Win32
		Win7 Release|x64 = Win7 Release|x64
		Win8 Debug|Any CPU = Win8 Debug|Any CPU
		Win8 Debug|Mixed Platforms = Win8 Debug|Mixed Platforms
		Win8 Debug|Win32 = Win8 Debug|Win32
		Win8 Debug|x64 = Win8 Debug|x64
		Win8 Release|Any CPU = Win8 Release|Any CPU
		Win8 Release|Mixed Platforms = Win8 Release|Mixed Platforms
		Win8 Release|Win32 = Win8 Release|Win32
		Win8 Release|x64 = Win8 Release|x64
		Win8.1 Debug|Any CPU = Win8.1 Debug|Any CPU
		Win8.1 Debug|Mixed Platforms = Win8.1 Debug|Mixed Platforms
		Win8.1 Debug|Win32 = Win8.1 Debug|Win32
		Win8.1 Debug|x64 = Win8.1 Debug|x64
		Win8.1 Release|Any CPU = Win8.1 Release|Any CPU
		Win8.1 Release|Mixed Platforms = Win8.1 Release|Mixed Platforms
		Win8.1 Release|Win32 = Win8.1 Release|Win32
		Win8.1 Release|x64 = Win8.1 Release|x64
	EndGlobalSection
	GlobalSection(ProjectConfigurationPlatforms) = postSolution
		{05849DC2-6170-4493-A520-35E54135BF9B}.Debug(dll)|Any CPU.ActiveCfg = Debug(dll)|Win32
		{05849DC2-6170-4493-A520-35E54135BF9B}.Debug(dll)|Mixed Platforms.ActiveCfg = Debug(dll)|Win32
		{05849DC2-6170-4493-A520-35E54135BF9B}.Debug(dll)|Mixed Platforms.Build.0 = Debug(dll)|Win32
		{05849DC2-6170-4493-A520-35E54135BF9B}.Debug(dll)|Mixed Platforms.Deploy.0 = Debug(dll)|Win32
		{05849DC2-6170-4493-A520-35E54135BF9B}.Debug(dll)|Win32.ActiveCfg = Debug(dll)|Win32
		{05849DC2-6170-4493-A520-35E54135BF9B}.Debug(dll)|Win32.Build.0 = Debug(dll)|Win32
		{05849DC2-6170-4493-A520-35E54135BF9B}.Debug(dll)|Win32.Deploy.0 = Debug(dll)|Win32
		{05849DC2-6170-4493-A520-35E54135BF9B}.Debug(dll)|x64.ActiveCfg = Debug(dll)|Win32
		{05849DC2-6170-4493-A520-35E54135BF9B}.Debug|Any CPU.ActiveCfg = Debug|Win32
		{05849DC2-6170-4493-A520-35E54135BF9B}.Debug|Mixed Platforms.ActiveCfg = Debug(dll)|Win32
		{05849DC2-6170-4493-A520-35E54135BF9B}.Debug|Mixed Platforms.Build.0 = Debug(dll)|Win32
		{05849DC2-6170-4493-A520-35E54135BF9B}.Debug|Mixed Platforms.Deploy.0 = Debug(dll)|Win32
		{05849DC2-6170-4493-A520-35E54135BF9B}.Debug|Win32.ActiveCfg = Debug|Win32
		{05849DC2-6170-4493-A520-35E54135BF9B}.Debug|Win32.Build.0 = Debug|Win32
		{05849DC2-6170-4493-A520-35E54135BF9B}.Debug|Win32.Deploy.0 = Debug|Win32
		{05849DC2-6170-4493-A520-35E54135BF9B}.Debug|x64.ActiveCfg = Debug(dll)|Win32
		{05849DC2-6170-4493-A520-35E54135BF9B}.Release|Any CPU.ActiveCfg = Release|Win32
		{05849DC2-6170-4493-A520-35E54135BF9B}.Release|Mixed Platforms.ActiveCfg = Release|Win32
		{05849DC2-6170-4493-A520-35E54135BF9B}.Release|Mixed Platforms.Build.0 = Release|Win32
		{05849DC2-6170-4493-A520-35E54135BF9B}.Release|Mixed Platforms.Deploy.0 = Release|Win32
		{05849DC2-6170-4493-A520-35E54135BF9B}.Release|Win32.ActiveCfg = Release|Win32
		{05849DC2-6170-4493-A520-35E54135BF9B}.Release|Win32.Build.0 = Release|Win32
		{05849DC2-6170-4493-A520-35E54135BF9B}.Release|Win32.Deploy.0 = Release|Win32
		{05849DC2-6170-4493-A520-35E54135BF9B}.Release|x64.ActiveCfg = Release|Win32
		{05849DC2-6170-4493-A520-35E54135BF9B}.Win7 Debug|Any CPU.ActiveCfg = Debug|Win32
		{05849DC2-6170-4493-A520-35E54135BF9B}.Win7 Debug|Mixed Platforms.ActiveCfg = Debug|Win32
		{05849DC2-6170-4493-A520-35E54135BF9B}.Win7 Debug|Mixed Platforms.Build.0 = Debug|Win32
		{05849DC2-6170-4493-A520-35E54135BF9B}.Win7 Debug|Win32.ActiveCfg = Debug|Win32
		{05849DC2-6170-4493-A520-35E54135BF9B}.Win7 Debug|Win32.Build.0 = Debug|Win32
		{05849DC2-6170-4493-A520-35E54135BF9B}.Win7 Debug|Win32.Deploy.0 = Debug|Win32
		{05849DC2-6170-4493-A520-35E54135BF9B}.Win7 Debug|x64.ActiveCfg = Debug|Win32
		{05849DC2-6170-4493-A520-35E54135BF9B}.Win7 Release|Any CPU.ActiveCfg = Release|Win32
		{05849DC2-6170-4493-A520-35E54135BF9B}.Win7 Release|Mixed Platforms.ActiveCfg = Release|Win32
		{05849DC2-6170-4493-A520-35E54135BF9B}.Win7 Release|Mixed Platforms.Build.0 = Release|Win32
		{05849DC2-6170-4493-A520-35E54135BF9B}.Win7 Release|Mixed Platforms.Deploy.0 = Release|Win32
		{05849DC2-6170-4493-A520-35E54135BF9B}.Win7 Release|Win32.ActiveCfg = Release|Win32
		{05849DC2-6170-4493-A520-35E54135BF9B}.Win7 Release|Win32.Build.0 = Release|Win32
		{05849DC2-6170-4493-A520-35E54135BF9B}.Win7 Release|Win32.Deploy.0 = Release|Win32
		{05849DC2-6170-4493-A520-35E54135BF9B}.Win7 Release|x64.ActiveCfg = Release|Win32
		{05849DC2-6170-4493-A520-35E54135BF9B}.Win8 Debug|Any CPU.ActiveCfg = Debug|Win32
		{05849DC2-6170-4493-A520-35E54135BF9B}.Win8 Debug|Mixed Platforms.ActiveCfg = Debug|Win32
		{05849DC2-6170-4493-A520-35E54135BF9B}.Win8 Debug|Mixed Platforms.Build.0 = Debug|Win32
		{05849DC2-6170-4493-A520-35E54135BF9B}.Win8 Debug|Mixed Platforms.Deploy.0 = Debug|Win32
		{05849DC2-6170-4493-A520-35E54135BF9B}.Win8 Debug|Win32.ActiveCfg = Debug|Win32
		{05849DC2-6170-4493-A520-35E54135BF9B}.Win8 Debug|Win32.Build.0 = Debug|Win32
		{05849DC2-6170-4493-A520-35E54135BF9B}.Win8 Debug|Win32.Deploy.0 = Debug|Win32
		{05849DC2-6170-4493-A520-35E54135BF9B}.Win8 Debug|x64.ActiveCfg = Debug|Win32
		{05849DC2-6170-4493-A520-35E54135BF9B}.Win8 Release|Any CPU.ActiveCfg = Release|Win32
		{05849DC2-6170-4493-A520-35E54135BF9B}.Win8 Release|Mixed Platforms.ActiveCfg = Release|Win32
		{05849DC2-6170-4493-A520-35E54135BF9B}.Win8 Release|Mixed Platforms.Build.0 = Release|Win32
		{05849DC2-6170-4493-A520-35E54135BF9B}.Win8 Release|Mixed Platforms.Deploy.0 = Release|Win32
		{05849DC2-6170-4493-A520-35E54135BF9B}.Win8 Release|Win32.ActiveCfg = Release|Win32
		{05849DC2-6170-4493-A520-35E54135BF9B}.Win8 Release|Win32.Build.0 = Release|Win32
		{05849DC2-6170-4493-A520-35E54135BF9B}.Win8 Release|Win32.Deploy.0 = Release|Win32
		{05849DC2-6170-4493-A520-35E54135BF9B}.Win8 Release|x64.ActiveCfg = Release|Win32
		{05849DC2-6170-4493-A520-35E54135BF9B}.Win8.1 Debug|Any CPU.ActiveCfg = Debug|Win32
		{05849DC2-6170-4493-A520-35E54135BF9B}.Win8.1 Debug|Mixed Platforms.ActiveCfg = Debug|Win32
		{05849DC2-6170-4493-A520-35E54135BF9B}.Win8.1 Debug|Mixed Platforms.Build.0 = Debug|Win32
		{05849DC2-6170-4493-A520-35E54135BF9B}.Win8.1 Debug|Mixed Platforms.Deploy.0 = Debug|Win32
		{05849DC2-6170-4493-A520-35E54135BF9B}.Win8.1 Debug|Win32.ActiveCfg = Debug|Win32
		{05849DC2-6170-4493-A520-35E54135BF9B}.Win8.1 Debug|Win32.Build.0 = Debug|Win32
		{05849DC2-6170-4493-A520-35E54135BF9B}.Win8.1 Debug|Win32.Deploy.0 = Debug|Win32
		{05849DC2-6170-4493-A520-35E54135BF9B}.Win8.1 Debug|x64.ActiveCfg = Debug|Win32
		{05849DC2-6170-4493-A520-35E54135BF9B}.Win8.1 Release|Any CPU.ActiveCfg = Release|Win32
		{05849DC2-6170-4493-A520-35E54135BF9B}.Win8.1 Release|Mixed Platforms.ActiveCfg = Release|Win32
		{05849DC2-6170-4493-A520-35E54135BF9B}.Win8.1 Release|Mixed Platforms.Build.0 = Release|Win32
		{05849DC2-6170-4493-A520-35E54135BF9B}.Win8.1 Release|Mixed Platforms.Deploy.0 = Release|Win32
		{05849DC2-6170-4493-A520-35E54135BF9B}.Win8.1 Release|Win32.ActiveCfg = Release|Win32
		{05849DC2-6170-4493-A520-35E54135BF9B}.Win8.1 Release|Win32.Build.0 = Release|Win32
		{05849DC2-6170-4493-A520-35E54135BF9B}.Win8.1 Release|Win32.Deploy.0 = Release|Win32
		{05849DC2-6170-4493-A520-35E54135BF9B}.Win8.1 Release|x64.ActiveCfg = Release|Win32
		{E41DC42B-3D4C-40A7-9E6C-285939C88A04}.Debug(dll)|Any CPU.ActiveCfg = Debug|Any CPU
		{E41DC42B-3D4C-40A7-9E6C-285939C88A04}.Debug(dll)|Any CPU.Build.0 = Debug|Any CPU
		{E41DC42B-3D4C-40A7-9E6C-285939C88A04}.Debug(dll)|Mixed Platforms.ActiveCfg = Debug|Any CPU
		{E41DC42B-3D4C-40A7-9E6C-285939C88A04}.Debug(dll)|Mixed Platforms.Build.0 = Debug|Any CPU
		{E41DC42B-3D4C-40A7-9E6C-285939C88A04}.Debug(dll)|Win32.ActiveCfg = Debug|Any CPU
		{E41DC42B-3D4C-40A7-9E6C-285939C88A04}.Debug(dll)|x64.ActiveCfg = Debug|Any CPU
		{E41DC42B-3D4C-40A7-9E6C-285939C88A04}.Debug|Any CPU.ActiveCfg = Debug|Any CPU
		{E41DC42B-3D4C-40A7-9E6C-285939C88A04}.Debug|Any CPU.Build.0 = Debug|Any CPU
		{E41DC42B-3D4C-40A7-9E6C-285939C88A04}.Debug|Mixed Platforms.ActiveCfg = Debug|Any CPU
		{E41DC42B-3D4C-40A7-9E6C-285939C88A04}.Debug|Mixed Platforms.Build.0 = Debug|Any CPU
		{E41DC42B-3D4C-40A7-9E6C-285939C88A04}.Debug|Win32.ActiveCfg = Debug|Any CPU
		{E41DC42B-3D4C-40A7-9E6C-285939C88A04}.Debug|x64.ActiveCfg = Debug|Any CPU
		{E41DC42B-3D4C-40A7-9E6C-285939C88A04}.Release|Any CPU.ActiveCfg = Release|Any CPU
		{E41DC42B-3D4C-40A7-9E6C-285939C88A04}.Release|Any CPU.Build.0 = Release|Any CPU
		{E41DC42B-3D4C-40A7-9E6C-285939C88A04}.Release|Mixed Platforms.ActiveCfg = Release|Any CPU
		{E41DC42B-3D4C-40A7-9E6C-285939C88A04}.Release|Mixed Platforms.Build.0 = Release|Any CPU
		{E41DC42B-3D4C-40A7-9E6C-285939C88A04}.Release|Win32.ActiveCfg = Release|Any CPU
		{E41DC42B-3D4C-40A7-9E6C-285939C88A04}.Release|x64.ActiveCfg = Release|Any CPU
		{E41DC42B-3D4C-40A7-9E6C-285939C88A04}.Win7 Debug|Any CPU.ActiveCfg = Debug|Any CPU
		{E41DC42B-3D4C-40A7-9E6C-285939C88A04}.Win7 Debug|Any CPU.Build.0 = Debug|Any CPU
		{E41DC42B-3D4C-40A7-9E6C-285939C88A04}.Win7 Debug|Mixed Platforms.ActiveCfg = Debug|Any CPU
		{E41DC42B-3D4C-40A7-9E6C-285939C88A04}.Win7 Debug|Mixed Platforms.Build.0 = Debug|Any CPU
		{E41DC42B-3D4C-40A7-9E6C-285939C88A04}.Win7 Debug|Win32.ActiveCfg = Debug|Any CPU
		{E41DC42B-3D4C-40A7-9E6C-285939C88A04}.Win7 Debug|x64.ActiveCfg = Debug|Any CPU
		{E41DC42B-3D4C-40A7-9E6C-285939C88A04}.Win7 Release|Any CPU.ActiveCfg = Release|Any CPU
		{E41DC42B-3D4C-40A7-9E6C-285939C88A04}.Win7 Release|Any CPU.Build.0 = Release|Any CPU
		{E41DC42B-3D4C-40A7-9E6C-285939C88A04}.Win7 Release|Mixed Platforms.ActiveCfg = Release|Any CPU
		{E41DC42B-3D4C-40A7-9E6C-285939C88A04}.Win7 Release|Mixed Platforms.Build.0 = Release|Any CPU
		{E41DC42B-3D4C-40A7-9E6C-285939C88A04}.Win7 Release|Win32.ActiveCfg = Release|Any CPU
		{E41DC42B-3D4C-40A7-9E6C-285939C88A04}.Win7 Release|x64.ActiveCfg = Release|Any CPU
		{E41DC42B-3D4C-40A7-9E6C-285939C88A04}.Win8 Debug|Any CPU.ActiveCfg = Debug|Any CPU
		{E41DC42B-3D4C-40A7-9E6C-285939C88A04}.Win8 Debug|Any CPU.Build.0 = Debug|Any CPU
		{E41DC42B-3D4C-40A7-9E6C-285939C88A04}.Win8 Debug|Mixed Platforms.ActiveCfg = Debug|Any CPU
		{E41DC42B-3D4C-40A7-9E6C-285939C88A04}.Win8 Debug|Mixed Platforms.Build.0 = Debug|Any CPU
		{E41DC42B-3D4C-40A7-9E6C-285939C88A04}.Win8 Debug|Win32.ActiveCfg = Debug|Any CPU
		{E41DC42B-3D4C-40A7-9E6C-285939C88A04}.Win8 Debug|x64.ActiveCfg = Debug|Any CPU
		{E41DC42B-3D4C-40A7-9E6C-285939C88A04}.Win8 Release|Any CPU.ActiveCfg = Release|Any CPU
		{E41DC42B-3D4C-40A7-9E6C-285939C88A04}.Win8 Release|Any CPU.Build.0 = Release|Any CPU
		{E41DC42B-3D4C-40A7-9E6C-285939C88A04}.Win8 Release|Mixed Platforms.ActiveCfg = Release|Any CPU
		{E41DC42B-3D4C-40A7-9E6C-285939C88A04}.Win8 Release|Mixed Platforms.Build.0 = Release|Any CPU
		{E41DC42B-3D4C-40A7-9E6C-285939C88A04}.Win8 Release|Win32.ActiveCfg = Release|Any CPU
		{E41DC42B-3D4C-40A7-9E6C-285939C88A04}.Win8 Release|x64.ActiveCfg = Release|Any CPU
		{E41DC42B-3D4C-40A7-9E6C-285939C88A04}.Win8.1 Debug|Any CPU.ActiveCfg = Debug|Any CPU
		{E41DC42B-3D4C-40A7-9E6C-285939C88A04}.Win8.1 Debug|Any CPU.Build.0 = Debug|Any CPU
		{E41DC42B-3D4C-40A7-9E6C-285939C88A04}.Win8.1 Debug|Mixed Platforms.ActiveCfg = Debug|Any CPU
		{E41DC42B-3D4C-40A7-9E6C-285939C88A04}.Win8.1 Debug|Mixed Platforms.Build.0 = Debug|Any CPU
		{E41DC42B-3D4C-40A7-9E6C-285939C88A04}.Win8.1 Debug|Win32.ActiveCfg = Debug|Any CPU
		{E41DC42B-3D4C-40A7-9E6C-285939C88A04}.Win8.1 Debug|x64.ActiveCfg = Debug|Any CPU
		{E41DC42B-3D4C-40A7-9E6C-285939C88A04}.Win8.1 Release|Any CPU.ActiveCfg = Release|Any CPU
		{E41DC42B-3D4C-40A7-9E6C-285939C88A04}.Win8.1 Release|Any CPU.Build.0 = Release|Any CPU
		{E41DC42B-3D4C-40A7-9E6C-285939C88A04}.Win8.1 Release|Mixed Platforms.ActiveCfg = Release|Any CPU
		{E41DC42B-3D4C-40A7-9E6C-285939C88A04}.Win8.1 Release|Mixed Platforms.Build.0 = Release|Any CPU
		{E41DC42B-3D4C-40A7-9E6C-285939C88A04}.Win8.1 Release|Win32.ActiveCfg = Release|Any CPU
		{E41DC42B-3D4C-40A7-9E6C-285939C88A04}.Win8.1 Release|x64.ActiveCfg = Release|Any CPU
		{E41842B6-3E8B-476C-AA59-BBC98BCFA547}.Debug(dll)|Any CPU.ActiveCfg = Win8 Release|Win32
		{E41842B6-3E8B-476C-AA59-BBC98BCFA547}.Debug(dll)|Mixed Platforms.ActiveCfg = Win7 Debug|Win32
		{E41842B6-3E8B-476C-AA59-BBC98BCFA547}.Debug(dll)|Mixed Platforms.Build.0 = Win7 Debug|Win32
		{E41842B6-3E8B-476C-AA59-BBC98BCFA547}.Debug(dll)|Mixed Platforms.Deploy.0 = Win7 Debug|Win32
		{E41842B6-3E8B-476C-AA59-BBC98BCFA547}.Debug(dll)|Win32.ActiveCfg = Win8 Release|Win32
		{E41842B6-3E8B-476C-AA59-BBC98BCFA547}.Debug(dll)|Win32.Build.0 = Win8 Release|Win32
		{E41842B6-3E8B-476C-AA59-BBC98BCFA547}.Debug(dll)|Win32.Deploy.0 = Win8 Release|Win32
		{E41842B6-3E8B-476C-AA59-BBC98BCFA547}.Debug(dll)|x64.ActiveCfg = Win8 Release|x64
		{E41842B6-3E8B-476C-AA59-BBC98BCFA547}.Debug(dll)|x64.Build.0 = Win8 Release|x64
		{E41842B6-3E8B-476C-AA59-BBC98BCFA547}.Debug|Any CPU.ActiveCfg = Win8.1 Debug|Win32
		{E41842B6-3E8B-476C-AA59-BBC98BCFA547}.Debug|Mixed Platforms.ActiveCfg = Win7 Release|x64
		{E41842B6-3E8B-476C-AA59-BBC98BCFA547}.Debug|Mixed Platforms.Build.0 = Win7 Release|x64
		{E41842B6-3E8B-476C-AA59-BBC98BCFA547}.Debug|Mixed Platforms.Deploy.0 = Win7 Release|x64
		{E41842B6-3E8B-476C-AA59-BBC98BCFA547}.Debug|Win32.ActiveCfg = Win8.1 Debug|Win32
		{E41842B6-3E8B-476C-AA59-BBC98BCFA547}.Debug|Win32.Build.0 = Win8.1 Debug|Win32
		{E41842B6-3E8B-476C-AA59-BBC98BCFA547}.Debug|Win32.Deploy.0 = Win8.1 Debug|Win32
		{E41842B6-3E8B-476C-AA59-BBC98BCFA547}.Debug|x64.ActiveCfg = Win7 Debug|x64
		{E41842B6-3E8B-476C-AA59-BBC98BCFA547}.Debug|x64.Build.0 = Win7 Debug|x64
		{E41842B6-3E8B-476C-AA59-BBC98BCFA547}.Debug|x64.Deploy.0 = Win7 Debug|x64
		{E41842B6-3E8B-476C-AA59-BBC98BCFA547}.Release|Any CPU.ActiveCfg = Win8.1 Release|Win32
		{E41842B6-3E8B-476C-AA59-BBC98BCFA547}.Release|Mixed Platforms.ActiveCfg = Win8.1 Release|Win32
		{E41842B6-3E8B-476C-AA59-BBC98BCFA547}.Release|Mixed Platforms.Build.0 = Win8.1 Release|Win32
		{E41842B6-3E8B-476C-AA59-BBC98BCFA547}.Release|Mixed Platforms.Deploy.0 = Win8.1 Release|Win32
		{E41842B6-3E8B-476C-AA59-BBC98BCFA547}.Release|Win32.ActiveCfg = Win8.1 Release|Win32
		{E41842B6-3E8B-476C-AA59-BBC98BCFA547}.Release|Win32.Build.0 = Win8.1 Release|Win32
		{E41842B6-3E8B-476C-AA59-BBC98BCFA547}.Release|Win32.Deploy.0 = Win8.1 Release|Win32
		{E41842B6-3E8B-476C-AA59-BBC98BCFA547}.Release|x64.ActiveCfg = Win8.1 Release|x64
		{E41842B6-3E8B-476C-AA59-BBC98BCFA547}.Release|x64.Build.0 = Win8.1 Release|x64
		{E41842B6-3E8B-476C-AA59-BBC98BCFA547}.Release|x64.Deploy.0 = Win8.1 Release|x64
		{E41842B6-3E8B-476C-AA59-BBC98BCFA547}.Win7 Debug|Any CPU.ActiveCfg = Win7 Debug|Win32
		{E41842B6-3E8B-476C-AA59-BBC98BCFA547}.Win7 Debug|Mixed Platforms.ActiveCfg = Win7 Release|Win32
		{E41842B6-3E8B-476C-AA59-BBC98BCFA547}.Win7 Debug|Mixed Platforms.Build.0 = Win7 Release|Win32
		{E41842B6-3E8B-476C-AA59-BBC98BCFA547}.Win7 Debug|Mixed Platforms.Deploy.0 = Win7 Release|Win32
		{E41842B6-3E8B-476C-AA59-BBC98BCFA547}.Win7 Debug|Win32.ActiveCfg = Win7 Debug|Win32
		{E41842B6-3E8B-476C-AA59-BBC98BCFA547}.Win7 Debug|Win32.Build.0 = Win7 Debug|Win32
		{E41842B6-3E8B-476C-AA59-BBC98BCFA547}.Win7 Debug|Win32.Deploy.0 = Win7 Debug|Win32
		{E41842B6-3E8B-476C-AA59-BBC98BCFA547}.Win7 Debug|x64.ActiveCfg = Win7 Debug|x64
		{E41842B6-3E8B-476C-AA59-BBC98BCFA547}.Win7 Debug|x64.Build.0 = Win7 Debug|x64
		{E41842B6-3E8B-476C-AA59-BBC98BCFA547}.Win7 Debug|x64.Deploy.0 = Win7 Debug|x64
		{E41842B6-3E8B-476C-AA59-BBC98BCFA547}.Win7 Release|Any CPU.ActiveCfg = Win7 Release|Win32
		{E41842B6-3E8B-476C-AA59-BBC98BCFA547}.Win7 Release|Mixed Platforms.ActiveCfg = Win7 Release|Win32
		{E41842B6-3E8B-476C-AA59-BBC98BCFA547}.Win7 Release|Mixed Platforms.Build.0 = Win7 Release|Win32
		{E41842B6-3E8B-476C-AA59-BBC98BCFA547}.Win7 Release|Mixed Platforms.Deploy.0 = Win7 Release|Win32
		{E41842B6-3E8B-476C-AA59-BBC98BCFA547}.Win7 Release|Win32.ActiveCfg = Win7 Release|Win32
		{E41842B6-3E8B-476C-AA59-BBC98BCFA547}.Win7 Release|Win32.Build.0 = Win7 Release|Win32
		{E41842B6-3E8B-476C-AA59-BBC98BCFA547}.Win7 Release|Win32.Deploy.0 = Win7 Release|Win32
		{E41842B6-3E8B-476C-AA59-BBC98BCFA547}.Win7 Release|x64.ActiveCfg = Win7 Release|x64
		{E41842B6-3E8B-476C-AA59-BBC98BCFA547}.Win7 Release|x64.Build.0 = Win7 Release|x64
		{E41842B6-3E8B-476C-AA59-BBC98BCFA547}.Win7 Release|x64.Deploy.0 = Win7 Release|x64
		{E41842B6-3E8B-476C-AA59-BBC98BCFA547}.Win8 Debug|Any CPU.ActiveCfg = Win8 Debug|Win32
		{E41842B6-3E8B-476C-AA59-BBC98BCFA547}.Win8 Debug|Mixed Platforms.ActiveCfg = Win8 Debug|Win32
		{E41842B6-3E8B-476C-AA59-BBC98BCFA547}.Win8 Debug|Mixed Platforms.Build.0 = Win8 Debug|Win32
		{E41842B6-3E8B-476C-AA59-BBC98BCFA547}.Win8 Debug|Mixed Platforms.Deploy.0 = Win8 Debug|Win32
		{E41842B6-3E8B-476C-AA59-BBC98BCFA547}.Win8 Debug|Win32.ActiveCfg = Win8 Debug|Win32
		{E41842B6-3E8B-476C-AA59-BBC98BCFA547}.Win8 Debug|Win32.Build.0 = Win8 Debug|Win32
		{E41842B6-3E8B-476C-AA59-BBC98BCFA547}.Win8 Debug|Win32.Deploy.0 = Win8 Debug|Win32
		{E41842B6-3E8B-476C-AA59-BBC98BCFA547}.Win8 Debug|x64.ActiveCfg = Win8 Debug|x64
		{E41842B6-3E8B-476C-AA59-BBC98BCFA547}.Win8 Debug|x64.Build.0 = Win8 Debug|x64
		{E41842B6-3E8B-476C-AA59-BBC98BCFA547}.Win8 Debug|x64.Deploy.0 = Win8 Debug|x64
		{E41842B6-3E8B-476C-AA59-BBC98BCFA547}.Win8 Release|Any CPU.ActiveCfg = Win8 Release|Win32
		{E41842B6-3E8B-476C-AA59-BBC98BCFA547}.Win8 Release|Mixed Platforms.ActiveCfg = Win8 Release|Win32
		{E41842B6-3E8B-476C-AA59-BBC98BCFA547}.Win8 Release|Mixed Platforms.Build.0 = Win8 Release|Win32
		{E41842B6-3E8B-476C-AA59-BBC98BCFA547}.Win8 Release|Mixed Platforms.Deploy.0 = Win8 Release|Win32
		{E41842B6-3E8B-476C-AA59-BBC98BCFA547}.Win8 Release|Win32.ActiveCfg = Win8 Release|Win32
		{E41842B6-3E8B-476C-AA59-BBC98BCFA547}.Win8 Release|Win32.Build.0 = Win8 Release|Win32
		{E41842B6-3E8B-476C-AA59-BBC98BCFA547}.Win8 Release|Win32.Deploy.0 = Win8 Release|Win32
		{E41842B6-3E8B-476C-AA59-BBC98BCFA547}.Win8 Release|x64.ActiveCfg = Win8 Release|x64
		{E41842B6-3E8B-476C-AA59-BBC98BCFA547}.Win8 Release|x64.Build.0 = Win8 Release|x64
		{E41842B6-3E8B-476C-AA59-BBC98BCFA547}.Win8 Release|x64.Deploy.0 = Win8 Release|x64
		{E41842B6-3E8B-476C-AA59-BBC98BCFA547}.Win8.1 Debug|Any CPU.ActiveCfg = Win8.1 Debug|Win32
		{E41842B6-3E8B-476C-AA59-BBC98BCFA547}.Win8.1 Debug|Mixed Platforms.ActiveCfg = Win8.1 Debug|Win32
		{E41842B6-3E8B-476C-AA59-BBC98BCFA547}.Win8.1 Debug|Mixed Platforms.Build.0 = Win8.1 Debug|Win32
		{E41842B6-3E8B-476C-AA59-BBC98BCFA547}.Win8.1 Debug|Mixed Platforms.Deploy.0 = Win8.1 Debug|Win32
		{E41842B6-3E8B-476C-AA59-BBC98BCFA547}.Win8.1 Debug|Win32.ActiveCfg = Win8.1 Debug|Win32
		{E41842B6-3E8B-476C-AA59-BBC98BCFA547}.Win8.1 Debug|Win32.Build.0 = Win8.1 Debug|Win32
		{E41842B6-3E8B-476C-AA59-BBC98BCFA547}.Win8.1 Debug|Win32.Deploy.0 = Win8.1 Debug|Win32
		{E41842B6-3E8B-476C-AA59-BBC98BCFA547}.Win8.1 Debug|x64.ActiveCfg = Win8.1 Debug|x64
		{E41842B6-3E8B-476C-AA59-BBC98BCFA547}.Win8.1 Debug|x64.Build.0 = Win8.1 Debug|x64
		{E41842B6-3E8B-476C-AA59-BBC98BCFA547}.Win8.1 Debug|x64.Deploy.0 = Win8.1 Debug|x64
		{E41842B6-3E8B-476C-AA59-BBC98BCFA547}.Win8.1 Release|Any CPU.ActiveCfg = Win8.1 Release|Win32
		{E41842B6-3E8B-476C-AA59-BBC98BCFA547}.Win8.1 Release|Mixed Platforms.ActiveCfg = Win8.1 Release|Win32
		{E41842B6-3E8B-476C-AA59-BBC98BCFA547}.Win8.1 Release|Mixed Platforms.Build.0 = Win8.1 Release|Win32
		{E41842B6-3E8B-476C-AA59-BBC98BCFA547}.Win8.1 Release|Mixed Platforms.Deploy.0 = Win8.1 Release|Win32
		{E41842B6-3E8B-476C-AA59-BBC98BCFA547}.Win8.1 Release|Win32.ActiveCfg = Win8.1 Release|Win32
		{E41842B6-3E8B-476C-AA59-BBC98BCFA547}.Win8.1 Release|Win32.Build.0 = Win8.1 Release|Win32
		{E41842B6-3E8B-476C-AA59-BBC98BCFA547}.Win8.1 Release|Win32.Deploy.0 = Win8.1 Release|Win32
		{E41842B6-3E8B-476C-AA59-BBC98BCFA547}.Win8.1 Release|x64.ActiveCfg = Win8.1 Release|x64
		{E41842B6-3E8B-476C-AA59-BBC98BCFA547}.Win8.1 Release|x64.Build.0 = Win8.1 Release|x64
		{E41842B6-3E8B-476C-AA59-BBC98BCFA547}.Win8.1 Release|x64.Deploy.0 = Win8.1 Release|x64
		{5671BBFE-6F3E-455E-B3F0-A993DDA2856A}.Debug(dll)|Any CPU.ActiveCfg = Win8 Release|Win32
		{5671BBFE-6F3E-455E-B3F0-A993DDA2856A}.Debug(dll)|Mixed Platforms.ActiveCfg = Win7 Debug|Win32
		{5671BBFE-6F3E-455E-B3F0-A993DDA2856A}.Debug(dll)|Mixed Platforms.Build.0 = Win7 Debug|Win32
		{5671BBFE-6F3E-455E-B3F0-A993DDA2856A}.Debug(dll)|Mixed Platforms.Deploy.0 = Win7 Debug|Win32
		{5671BBFE-6F3E-455E-B3F0-A993DDA2856A}.Debug(dll)|Win32.ActiveCfg = Win8 Release|Win32
		{5671BBFE-6F3E-455E-B3F0-A993DDA2856A}.Debug(dll)|Win32.Build.0 = Win8 Release|Win32
		{5671BBFE-6F3E-455E-B3F0-A993DDA2856A}.Debug(dll)|Win32.Deploy.0 = Win8 Release|Win32
		{5671BBFE-6F3E-455E-B3F0-A993DDA2856A}.Debug(dll)|x64.ActiveCfg = Win8 Release|x64
		{5671BBFE-6F3E-455E-B3F0-A993DDA2856A}.Debug(dll)|x64.Build.0 = Win8 Release|x64
		{5671BBFE-6F3E-455E-B3F0-A993DDA2856A}.Debug|Any CPU.ActiveCfg = Win8.1 Debug|Win32
		{5671BBFE-6F3E-455E-B3F0-A993DDA2856A}.Debug|Mixed Platforms.ActiveCfg = Win7 Debug|x64
		{5671BBFE-6F3E-455E-B3F0-A993DDA2856A}.Debug|Mixed Platforms.Build.0 = Win7 Debug|x64
		{5671BBFE-6F3E-455E-B3F0-A993DDA2856A}.Debug|Mixed Platforms.Deploy.0 = Win7 Debug|x64
		{5671BBFE-6F3E-455E-B3F0-A993DDA2856A}.Debug|Win32.ActiveCfg = Win8.1 Debug|Win32
		{5671BBFE-6F3E-455E-B3F0-A993DDA2856A}.Debug|Win32.Build.0 = Win8.1 Debug|Win32
		{5671BBFE-6F3E-455E-B3F0-A993DDA2856A}.Debug|Win32.Deploy.0 = Win8.1 Debug|Win32
		{5671BBFE-6F3E-455E-B3F0-A993DDA2856A}.Debug|x64.ActiveCfg = Win7 Debug|x64
		{5671BBFE-6F3E-455E-B3F0-A993DDA2856A}.Debug|x64.Build.0 = Win7 Debug|x64
		{5671BBFE-6F3E-455E-B3F0-A993DDA2856A}.Debug|x64.Deploy.0 = Win7 Debug|x64
		{5671BBFE-6F3E-455E-B3F0-A993DDA2856A}.Release|Any CPU.ActiveCfg = Win8.1 Release|Win32
		{5671BBFE-6F3E-455E-B3F0-A993DDA2856A}.Release|Mixed Platforms.ActiveCfg = Win8.1 Release|Win32
		{5671BBFE-6F3E-455E-B3F0-A993DDA2856A}.Release|Mixed Platforms.Build.0 = Win8.1 Release|Win32
		{5671BBFE-6F3E-455E-B3F0-A993DDA2856A}.Release|Mixed Platforms.Deploy.0 = Win8.1 Release|Win32
		{5671BBFE-6F3E-455E-B3F0-A993DDA2856A}.Release|Win32.ActiveCfg = Win8.1 Release|Win32
		{5671BBFE-6F3E-455E-B3F0-A993DDA2856A}.Release|Win32.Build.0 = Win8.1 Release|Win32
		{5671BBFE-6F3E-455E-B3F0-A993DDA2856A}.Release|Win32.Deploy.0 = Win8.1 Release|Win32
		{5671BBFE-6F3E-455E-B3F0-A993DDA2856A}.Release|x64.ActiveCfg = Win8.1 Release|x64
		{5671BBFE-6F3E-455E-B3F0-A993DDA2856A}.Release|x64.Build.0 = Win8.1 Release|x64
		{5671BBFE-6F3E-455E-B3F0-A993DDA2856A}.Release|x64.Deploy.0 = Win8.1 Release|x64
		{5671BBFE-6F3E-455E-B3F0-A993DDA2856A}.Win7 Debug|Any CPU.ActiveCfg = Win7 Debug|Win32
		{5671BBFE-6F3E-455E-B3F0-A993DDA2856A}.Win7 Debug|Mixed Platforms.ActiveCfg = Win7 Debug|Win32
		{5671BBFE-6F3E-455E-B3F0-A993DDA2856A}.Win7 Debug|Mixed Platforms.Build.0 = Win7 Debug|Win32
		{5671BBFE-6F3E-455E-B3F0-A993DDA2856A}.Win7 Debug|Mixed Platforms.Deploy.0 = Win7 Debug|Win32
		{5671BBFE-6F3E-455E-B3F0-A993DDA2856A}.Win7 Debug|Win32.ActiveCfg = Win7 Debug|Win32
		{5671BBFE-6F3E-455E-B3F0-A993DDA2856A}.Win7 Debug|Win32.Build.0 = Win7 Debug|Win32
		{5671BBFE-6F3E-455E-B3F0-A993DDA2856A}.Win7 Debug|Win32.Deploy.0 = Win7 Debug|Win32
		{5671BBFE-6F3E-455E-B3F0-A993DDA2856A}.Win7 Debug|x64.ActiveCfg = Win7 Debug|x64
		{5671BBFE-6F3E-455E-B3F0-A993DDA2856A}.Win7 Debug|x64.Build.0 = Win7 Debug|x64
		{5671BBFE-6F3E-455E-B3F0-A993DDA2856A}.Win7 Debug|x64.Deploy.0 = Win7 Debug|x64
		{5671BBFE-6F3E-455E-B3F0-A993DDA2856A}.Win7 Release|Any CPU.ActiveCfg = Win7 Release|Win32
		{5671BBFE-6F3E-455E-B3F0-A993DDA2856A}.Win7 Release|Mixed Platforms.ActiveCfg = Win7 Release|Win32
		{5671BBFE-6F3E-455E-B3F0-A993DDA2856A}.Win7 Release|Mixed Platforms.Build.0 = Win7 Release|Win32
		{5671BBFE-6F3E-455E-B3F0-A993DDA2856A}.Win7 Release|Mixed Platforms.Deploy.0 = Win7 Release|Win32
		{5671BBFE-6F3E-455E-B3F0-A993DDA2856A}.Win7 Release|Win32.ActiveCfg = Win7 Release|Win32
		{5671BBFE-6F3E-455E-B3F0-A993DDA2856A}.Win7 Release|Win32.Build.0 = Win7 Release|Win32
		{5671BBFE-6F3E-455E-B3F0-A993DDA2856A}.Win7 Release|Win32.Deploy.0 = Win7 Release|Win32
		{5671BBFE-6F3E-455E-B3F0-A993DDA2856A}.Win7 Release|x64.ActiveCfg = Win7 Release|x64
		{5671BBFE-6F3E-455E-B3F0-A993DDA2856A}.Win7 Release|x64.Build.0 = Win7 Release|x64
		{5671BBFE-6F3E-455E-B3F0-A993DDA2856A}.Win7 Release|x64.Deploy.0 = Win7 Release|x64
		{5671BBFE-6F3E-455E-B3F0-A993DDA2856A}.Win8 Debug|Any CPU.ActiveCfg = Win8 Debug|Win32
		{5671BBFE-6F3E-455E-B3F0-A993DDA2856A}.Win8 Debug|Mixed Platforms.ActiveCfg = Win8 Debug|Win32
		{5671BBFE-6F3E-455E-B3F0-A993DDA2856A}.Win8 Debug|Mixed Platforms.Build.0 = Win8 Debug|Win32
		{5671BBFE-6F3E-455E-B3F0-A993DDA2856A}.Win8 Debug|Mixed Platforms.Deploy.0 = Win8 Debug|Win32
		{5671BBFE-6F3E-455E-B3F0-A993DDA2856A}.Win8 Debug|Win32.ActiveCfg = Win8 Debug|Win32
		{5671BBFE-6F3E-455E-B3F0-A993DDA2856A}.Win8 Debug|Win32.Build.0 = Win8 Debug|Win32
		{5671BBFE-6F3E-455E-B3F0-A993DDA2856A}.Win8 Debug|Win32.Deploy.0 = Win8 Debug|Win32
		{5671BBFE-6F3E-455E-B3F0-A993DDA2856A}.Win8 Debug|x64.ActiveCfg = Win8 Debug|x64
		{5671BBFE-6F3E-455E-B3F0-A993DDA2856A}.Win8 Debug|x64.Build.0 = Win8 Debug|x64
		{5671BBFE-6F3E-455E-B3F0-A993DDA2856A}.Win8 Debug|x64.Deploy.0 = Win8 Debug|x64
		{5671BBFE-6F3E-455E-B3F0-A993DDA2856A}.Win8 Release|Any CPU.ActiveCfg = Win8 Release|Win32
		{5671BBFE-6F3E-455E-B3F0-A993DDA2856A}.Win8 Release|Mixed Platforms.ActiveCfg = Win8 Release|Win32
		{5671BBFE-6F3E-455E-B3F0-A993DDA2856A}.Win8 Release|Mixed Platforms.Build.0 = Win8 Release|Win32
		{5671BBFE-6F3E-455E-B3F0-A993DDA2856A}.Win8 Release|Mixed Platforms.Deploy.0 = Win8 Release|Win32
		{5671BBFE-6F3E-455E-B3F0-A993DDA2856A}.Win8 Release|Win32.ActiveCfg = Win8 Release|Win32
		{5671BBFE-6F3E-455E-B3F0-A993DDA2856A}.Win8 Release|Win32.Build.0 = Win8 Release|Win32
		{5671BBFE-6F3E-455E-B3F0-A993DDA2856A}.Win8 Release|Win32.Deploy.0 = Win8 Release|Win32
		{5671BBFE-6F3E-455E-B3F0-A993DDA2856A}.Win8 Release|x64.ActiveCfg = Win8 Release|x64
		{5671BBFE-6F3E-455E-B3F0-A993DDA2856A}.Win8 Release|x64.Build.0 = Win8 Release|x64
		{5671BBFE-6F3E-455E-B3F0-A993DDA2856A}.Win8 Release|x64.Deploy.0 = Win8 Release|x64
		{5671BBFE-6F3E-455E-B3F0-A993DDA2856A}.Win8.1 Debug|Any CPU.ActiveCfg = Win8.1 Debug|Win32
		{5671BBFE-6F3E-455E-B3F0-A993DDA2856A}.Win8.1 Debug|Mixed Platforms.ActiveCfg = Win8.1 Debug|Win32
		{5671BBFE-6F3E-455E-B3F0-A993DDA2856A}.Win8.1 Debug|Mixed Platforms.Build.0 = Win8.1 Debug|Win32
		{5671BBFE-6F3E-455E-B3F0-A993DDA2856A}.Win8.1 Debug|Mixed Platforms.Deploy.0 = Win8.1 Debug|Win32
		{5671BBFE-6F3E-455E-B3F0-A993DDA2856A}.Win8.1 Debug|Win32.ActiveCfg = Win8.1 Debug|Win32
		{5671BBFE-6F3E-455E-B3F0-A993DDA2856A}.Win8.1 Debug|Win32.Build.0 = Win8.1 Debug|Win32
		{5671BBFE-6F3E-455E-B3F0-A993DDA2856A}.Win8.1 Debug|Win32.Deploy.0 = Win8.1 Debug|Win32
		{5671BBFE-6F3E-455E-B3F0-A993DDA2856A}.Win8.1 Debug|x64.ActiveCfg = Win8.1 Debug|x64
		{5671BBFE-6F3E-455E-B3F0-A993DDA2856A}.Win8.1 Debug|x64.Build.0 = Win8.1 Debug|x64
		{5671BBFE-6F3E-455E-B3F0-A993DDA2856A}.Win8.1 Debug|x64.Deploy.0 = Win8.1 Debug|x64
		{5671BBFE-6F3E-455E-B3F0-A993DDA2856A}.Win8.1 Release|Any CPU.ActiveCfg = Win8.1 Release|Win32
		{5671BBFE-6F3E-455E-B3F0-A993DDA2856A}.Win8.1 Release|Mixed Platforms.ActiveCfg = Win8.1 Release|Win32
		{5671BBFE-6F3E-455E-B3F0-A993DDA2856A}.Win8.1 Release|Mixed Platforms.Build.0 = Win8.1 Release|Win32
		{5671BBFE-6F3E-455E-B3F0-A993DDA2856A}.Win8.1 Release|Mixed Platforms.Deploy.0 = Win8.1 Release|Win32
		{5671BBFE-6F3E-455E-B3F0-A993DDA2856A}.Win8.1 Release|Win32.ActiveCfg = Win8.1 Release|Win32
		{5671BBFE-6F3E-455E-B3F0-A993DDA2856A}.Win8.1 Release|Win32.Build.0 = Win8.1 Release|Win32
		{5671BBFE-6F3E-455E-B3F0-A993DDA2856A}.Win8.1 Release|Win32.Deploy.0 = Win8.1 Release|Win32
		{5671BBFE-6F3E-455E-B3F0-A993DDA2856A}.Win8.1 Release|x64.ActiveCfg = Win8.1 Release|x64
		{5671BBFE-6F3E-455E-B3F0-A993DDA2856A}.Win8.1 Release|x64.Build.0 = Win8.1 Release|x64
		{5671BBFE-6F3E-455E-B3F0-A993DDA2856A}.Win8.1 Release|x64.Deploy.0 = Win8.1 Release|x64
	EndGlobalSection
	GlobalSection(SolutionProperties) = preSolution
		HideSolutionNode = FALSE
	EndGlobalSection
	GlobalSection(NestedProjects) = preSolution
		{05849DC2-6170-4493-A520-35E54135BF9B} = {8FEFCE3C-A7CE-40D0-9CB6-4E4A3D506849}
		{E41DC42B-3D4C-40A7-9E6C-285939C88A04} = {8FEFCE3C-A7CE-40D0-9CB6-4E4A3D506849}
		{E41842B6-3E8B-476C-AA59-BBC98BCFA547} = {52449910-180D-4B60-9135-178C12B283B1}
		{5671BBFE-6F3E-455E-B3F0-A993DDA2856A} = {52449910-180D-4B60-9135-178C12B283B1}
	EndGlobalSection
EndGlobal
