<?xml version="1.0" encoding="utf-8"?>
<Project ToolsVersion="4.0" xmlns="http://schemas.microsoft.com/developer/msbuild/2003">
  <ItemGroup>
    <Filter Include="Source Files">
      <UniqueIdentifier>{4FC737F1-C7A5-4376-A066-2A32D752A2FF}</UniqueIdentifier>
      <Extensions>cpp;c;cc;cxx;def;odl;idl;hpj;bat;asm;asmx</Extensions>
    </Filter>
    <Filter Include="Header Files">
      <UniqueIdentifier>{93995380-89BD-4b04-88EB-625FBE52EBFB}</UniqueIdentifier>
      <Extensions>h;hpp;hxx;hm;inl;inc;xsd</Extensions>
    </Filter>
    <Filter Include="Resource Files">
      <UniqueIdentifier>{67DA6AB6-F800-4c08-8B7A-83BB121AAD01}</UniqueIdentifier>
      <Extensions>rc;ico;cur;bmp;dlg;rc2;rct;bin;rgs;gif;jpg;jpeg;jpe;resx;tiff;tif;png;wav;mfcribbon-ms</Extensions>
    </Filter>
  </ItemGroup>
  <ItemGroup>
    <ClInclude Include="src\conn_state.h">
      <Filter>Header Files</Filter>
    </ClInclude>
    <ClInclude Include="src\dispatch.h">
      <Filter>Header Files</Filter>
    </ClInclude>
    <ClInclude Include="src\events.h">
      <Filter>Header Files</Filter>
    </ClInclude>
    <ClInclude Include="src\filter.h">
      <Filter>Header Files</Filter>
    </ClInclude>
    <ClInclude Include="src\ipc.h">
      <Filter>Header Files</Filter>
    </ClInclude>
    <ClInclude Include="src\memtrack.h">
      <Filter>Header Files</Filter>
    </ClInclude>
    <ClInclude Include="src\ndis_hk_ioctl.h">
      <Filter>Header Files</Filter>
    </ClInclude>
    <ClInclude Include="src\net.h">
      <Filter>Header Files</Filter>
    </ClInclude>
    <ClInclude Include="src\obj_tbl.h">
      <Filter>Header Files</Filter>
    </ClInclude>
    <ClInclude Include="src\packet.h">
      <Filter>Header Files</Filter>
    </ClInclude>
    <ClInclude Include="src\pid_pname.h">
      <Filter>Header Files</Filter>
    </ClInclude>
    <ClInclude Include="src\sids.h">
      <Filter>Header Files</Filter>
    </ClInclude>
    <ClInclude Include="src\sock.h">
      <Filter>Header Files</Filter>
    </ClInclude>
    <ClInclude Include="src\tdi_fw.h">
      <Filter>Header Files</Filter>
    </ClInclude>
    <ClInclude Include="src\tdi_fw_lib.h">
      <Filter>Header Files</Filter>
    </ClInclude>
  </ItemGroup>
  <ItemGroup>
    <ClCompile Include="src\conn_state.c">
      <Filter>Source Files</Filter>
    </ClCompile>
    <ClCompile Include="src\disp_conn.c">
      <Filter>Source Files</Filter>
    </ClCompile>
    <ClCompile Include="src\disp_dg.c">
      <Filter>Source Files</Filter>
    </ClCompile>
    <ClCompile Include="src\disp_ev.c">
      <Filter>Source Files</Filter>
    </ClCompile>
    <ClCompile Include="src\disp_obj.c">
      <Filter>Source Files</Filter>
    </ClCompile>
    <ClCompile Include="src\disp_sr.c">
      <Filter>Source Files</Filter>
    </ClCompile>
    <ClCompile Include="src\dispatch.c">
      <Filter>Source Files</Filter>
    </ClCompile>
    <ClCompile Include="src\ev_conn.c">
      <Filter>Source Files</Filter>
    </ClCompile>
    <ClCompile Include="src\ev_dg.c">
      <Filter>Source Files</Filter>
    </ClCompile>
    <ClCompile Include="src\ev_recv.c">
      <Filter>Source Files</Filter>
    </ClCompile>
    <ClCompile Include="src\events.c">
      <Filter>Source Files</Filter>
    </ClCompile>
    <ClCompile Include="src\filter.c">
      <Filter>Source Files</Filter>
    </ClCompile>
    <ClCompile Include="src\ipc.c">
      <Filter>Source Files</Filter>
    </ClCompile>
    <ClCompile Include="src\memtrack.c">
      <Filter>Source Files</Filter>
    </ClCompile>
    <ClCompile Include="src\obj_tbl.c">
      <Filter>Source Files</Filter>
    </ClCompile>
    <ClCompile Include="src\packet.c">
      <Filter>Source Files</Filter>
    </ClCompile>
    <ClCompile Include="src\pid_pname.c">
      <Filter>Source Files</Filter>
    </ClCompile>
    <ClCompile Include="src\sids.c">
      <Filter>Source Files</Filter>
    </ClCompile>
    <ClCompile Include="src\sock.c">
      <Filter>Source Files</Filter>
    </ClCompile>
    <ClCompile Include="src\tdi_fw.c">
      <Filter>Source Files</Filter>
    </ClCompile>
  </ItemGroup>
</Project>